
Microsoft Visual Studio Solution File, Format Version 12.00
# Visual Studio Version 17
VisualStudioVersion = 17.4.33213.308
MinimumVisualStudioVersion = 10.0.40219.1
Project("{FAE04EC0-301F-11D3-BF4B-00C04F79EFBC}") = "GridTest", "GridTest\GridTest.csproj", "{20CD092E-3630-4D86-A54C-D63BF4DF2188}"
EndProject
Global
	GlobalSection(SolutionConfigurationPlatforms) = preSolution
		Debug|Any CPU = Debug|Any CPU
		Release|Any CPU = Release|Any CPU
	EndGlobalSection
	GlobalSection(ProjectConfigurationPlatforms) = postSolution
		{20CD092E-3630-4D86-A54C-D63BF4DF2188}.Debug|Any CPU.ActiveCfg = Debug|Any CPU
		{20CD092E-3630-4D86-A54C-D63BF4DF2188}.Debug|Any CPU.Build.0 = Debug|Any CPU
		{20CD092E-3630-4D86-A54C-D63BF4DF2188}.Release|Any CPU.ActiveCfg = Release|Any CPU
		{20CD092E-3630-4D86-A54C-D63BF4DF2188}.Release|Any CPU.Build.0 = Release|Any CPU
	EndGlobalSection
	GlobalSection(SolutionProperties) = preSolution
		HideSolutionNode = FALSE
	EndGlobalSection
	GlobalSection(ExtensibilityGlobals) = postSolution
		SolutionGuid = {A1E0671D-0944-425C-8C9B-DF8FABAA7030}
	EndGlobalSection
EndGlobal
